// !$*UTF8*$!
{
	archiveVersion = 1;
	classes = {
	};
	objectVersion = 56;
	objects = {

/* Begin PBXBuildFile section */
		2830621D2B5512CD00BC17E5 /* FavoritesViewModel.swift in Sources */ = {isa = PBXBuildFile; fileRef = 2830621C2B5512CD00BC17E5 /* FavoritesViewModel.swift */; };
		2830621F2B55147E00BC17E5 /* FavoritesView.swift in Sources */ = {isa = PBXBuildFile; fileRef = 2830621E2B55147E00BC17E5 /* FavoritesView.swift */; };
		285AE01D2B4E804F00FDCED9 /* APIService.swift in Sources */ = {isa = PBXBuildFile; fileRef = 285AE01C2B4E804F00FDCED9 /* APIService.swift */; };
		28A988F32B4719DB00C0DA24 /* NotificationsView.swift in Sources */ = {isa = PBXBuildFile; fileRef = 28A988F22B4719DB00C0DA24 /* NotificationsView.swift */; };
		28A988F52B4724A400C0DA24 /* ProfileView.swift in Sources */ = {isa = PBXBuildFile; fileRef = 28A988F42B4724A400C0DA24 /* ProfileView.swift */; };
		28A988F72B47321200C0DA24 /* ExploreView.swift in Sources */ = {isa = PBXBuildFile; fileRef = 28A988F62B47321200C0DA24 /* ExploreView.swift */; };
		28A988F92B473EEE00C0DA24 /* ProfileViewModel.swift in Sources */ = {isa = PBXBuildFile; fileRef = 28A988F82B473EEE00C0DA24 /* ProfileViewModel.swift */; };
		28B63FCF2B465B7700FF0EDC /* GitHubCloneiOSApp.swift in Sources */ = {isa = PBXBuildFile; fileRef = 28B63FCE2B465B7700FF0EDC /* GitHubCloneiOSApp.swift */; };
		28B63FD62B465B7900FF0EDC /* Preview Assets.xcassets in Resources */ = {isa = PBXBuildFile; fileRef = 28B63FD52B465B7900FF0EDC /* Preview Assets.xcassets */; };
		28B63FE32B465C5100FF0EDC /* Assets.xcassets in Resources */ = {isa = PBXBuildFile; fileRef = 28B63FE22B465C5100FF0EDC /* Assets.xcassets */; };
		28C834432B47D8D000255A7F /* ExploreViewModel.swift in Sources */ = {isa = PBXBuildFile; fileRef = 28C834422B47D8D000255A7F /* ExploreViewModel.swift */; };
		28C834452B47FCA500255A7F /* Repository.swift in Sources */ = {isa = PBXBuildFile; fileRef = 28C834442B47FCA500255A7F /* Repository.swift */; };
		28F198582B46688200FE2064 /* HomeView.swift in Sources */ = {isa = PBXBuildFile; fileRef = 28F198572B46688200FE2064 /* HomeView.swift */; };
		28F1985B2B4668D500FE2064 /* HomeViewModel.swift in Sources */ = {isa = PBXBuildFile; fileRef = 28F1985A2B4668D500FE2064 /* HomeViewModel.swift */; };
		28F1985E2B4668FC00FE2064 /* Item.swift in Sources */ = {isa = PBXBuildFile; fileRef = 28F1985D2B4668FC00FE2064 /* Item.swift */; };
		28F343F62B488A7E00FDB44B /* User.swift in Sources */ = {isa = PBXBuildFile; fileRef = 28F343F52B488A7E00FDB44B /* User.swift */; };
		28F343F92B4939A700FDB44B /* RepositoryView.swift in Sources */ = {isa = PBXBuildFile; fileRef = 28F343F82B4939A700FDB44B /* RepositoryView.swift */; };
		28F343FB2B49498C00FDB44B /* TrendingRepositoriesView.swift in Sources */ = {isa = PBXBuildFile; fileRef = 28F343FA2B49498C00FDB44B /* TrendingRepositoriesView.swift */; };
		28F343FD2B4D7A0400FDB44B /* MyWorksViewSort.swift in Sources */ = {isa = PBXBuildFile; fileRef = 28F343FC2B4D7A0400FDB44B /* MyWorksViewSort.swift */; };
		28F343FF2B4DE3D000FDB44B /* SettingsView.swift in Sources */ = {isa = PBXBuildFile; fileRef = 28F343FE2B4DE3D000FDB44B /* SettingsView.swift */; };
/* End PBXBuildFile section */

/* Begin PBXFileReference section */
		2830621C2B5512CD00BC17E5 /* FavoritesViewModel.swift */ = {isa = PBXFileReference; lastKnownFileType = sourcecode.swift; path = FavoritesViewModel.swift; sourceTree = "<group>"; };
		2830621E2B55147E00BC17E5 /* FavoritesView.swift */ = {isa = PBXFileReference; lastKnownFileType = sourcecode.swift; path = FavoritesView.swift; sourceTree = "<group>"; };
		285AE01C2B4E804F00FDCED9 /* APIService.swift */ = {isa = PBXFileReference; lastKnownFileType = sourcecode.swift; path = APIService.swift; sourceTree = "<group>"; };
		28A988F22B4719DB00C0DA24 /* NotificationsView.swift */ = {isa = PBXFileReference; lastKnownFileType = sourcecode.swift; path = NotificationsView.swift; sourceTree = "<group>"; };
		28A988F42B4724A400C0DA24 /* ProfileView.swift */ = {isa = PBXFileReference; lastKnownFileType = sourcecode.swift; path = ProfileView.swift; sourceTree = "<group>"; };
		28A988F62B47321200C0DA24 /* ExploreView.swift */ = {isa = PBXFileReference; lastKnownFileType = sourcecode.swift; path = ExploreView.swift; sourceTree = "<group>"; };
		28A988F82B473EEE00C0DA24 /* ProfileViewModel.swift */ = {isa = PBXFileReference; lastKnownFileType = sourcecode.swift; path = ProfileViewModel.swift; sourceTree = "<group>"; };
		28B63FCB2B465B7700FF0EDC /* GitHubCloneiOS.app */ = {isa = PBXFileReference; explicitFileType = wrapper.application; includeInIndex = 0; path = GitHubCloneiOS.app; sourceTree = BUILT_PRODUCTS_DIR; };
		28B63FCE2B465B7700FF0EDC /* GitHubCloneiOSApp.swift */ = {isa = PBXFileReference; lastKnownFileType = sourcecode.swift; path = GitHubCloneiOSApp.swift; sourceTree = "<group>"; };
		28B63FD52B465B7900FF0EDC /* Preview Assets.xcassets */ = {isa = PBXFileReference; lastKnownFileType = folder.assetcatalog; path = "Preview Assets.xcassets"; sourceTree = "<group>"; };
		28B63FE22B465C5100FF0EDC /* Assets.xcassets */ = {isa = PBXFileReference; lastKnownFileType = folder.assetcatalog; path = Assets.xcassets; sourceTree = "<group>"; };
		28C834422B47D8D000255A7F /* ExploreViewModel.swift */ = {isa = PBXFileReference; lastKnownFileType = sourcecode.swift; path = ExploreViewModel.swift; sourceTree = "<group>"; };
		28C834442B47FCA500255A7F /* Repository.swift */ = {isa = PBXFileReference; lastKnownFileType = sourcecode.swift; path = Repository.swift; sourceTree = "<group>"; };
		28F198572B46688200FE2064 /* HomeView.swift */ = {isa = PBXFileReference; lastKnownFileType = sourcecode.swift; path = HomeView.swift; sourceTree = "<group>"; };
		28F1985A2B4668D500FE2064 /* HomeViewModel.swift */ = {isa = PBXFileReference; lastKnownFileType = sourcecode.swift; path = HomeViewModel.swift; sourceTree = "<group>"; };
		28F1985D2B4668FC00FE2064 /* Item.swift */ = {isa = PBXFileReference; lastKnownFileType = sourcecode.swift; path = Item.swift; sourceTree = "<group>"; };
		28F343F52B488A7E00FDB44B /* User.swift */ = {isa = PBXFileReference; lastKnownFileType = sourcecode.swift; path = User.swift; sourceTree = "<group>"; };
		28F343F82B4939A700FDB44B /* RepositoryView.swift */ = {isa = PBXFileReference; lastKnownFileType = sourcecode.swift; path = RepositoryView.swift; sourceTree = "<group>"; };
		28F343FA2B49498C00FDB44B /* TrendingRepositoriesView.swift */ = {isa = PBXFileReference; lastKnownFileType = sourcecode.swift; path = TrendingRepositoriesView.swift; sourceTree = "<group>"; };
		28F343FC2B4D7A0400FDB44B /* MyWorksViewSort.swift */ = {isa = PBXFileReference; lastKnownFileType = sourcecode.swift; path = MyWorksViewSort.swift; sourceTree = "<group>"; };
		28F343FE2B4DE3D000FDB44B /* SettingsView.swift */ = {isa = PBXFileReference; lastKnownFileType = sourcecode.swift; path = SettingsView.swift; sourceTree = "<group>"; };
/* End PBXFileReference section */

/* Begin PBXFrameworksBuildPhase section */
		28B63FC82B465B7700FF0EDC /* Frameworks */ = {
			isa = PBXFrameworksBuildPhase;
			buildActionMask = 2147483647;
			files = (
			);
			runOnlyForDeploymentPostprocessing = 0;
		};
/* End PBXFrameworksBuildPhase section */

/* Begin PBXGroup section */
		285AE01B2B4E803000FDCED9 /* Services */ = {
			isa = PBXGroup;
			children = (
				285AE01C2B4E804F00FDCED9 /* APIService.swift */,
			);
			path = Services;
			sourceTree = "<group>";
		};
		28B63FC22B465B7700FF0EDC = {
			isa = PBXGroup;
			children = (
				28B63FCD2B465B7700FF0EDC /* GitHubCloneiOS */,
				28B63FCC2B465B7700FF0EDC /* Products */,
			);
			sourceTree = "<group>";
		};
		28B63FCC2B465B7700FF0EDC /* Products */ = {
			isa = PBXGroup;
			children = (
				28B63FCB2B465B7700FF0EDC /* GitHubCloneiOS.app */,
			);
			name = Products;
			sourceTree = "<group>";
		};
		28B63FCD2B465B7700FF0EDC /* GitHubCloneiOS */ = {
			isa = PBXGroup;
			children = (
				285AE01B2B4E803000FDCED9 /* Services */,
				28F343F72B49398400FDB44B /* Components */,
				28F1985C2B4668ED00FE2064 /* Models */,
				28F198592B4668C100FE2064 /* ViewModels */,
				28F198562B46686900FE2064 /* Views */,
				28B63FE22B465C5100FF0EDC /* Assets.xcassets */,
				28B63FCE2B465B7700FF0EDC /* GitHubCloneiOSApp.swift */,
				28B63FD42B465B7900FF0EDC /* Preview Content */,
			);
			path = GitHubCloneiOS;
			sourceTree = "<group>";
		};
		28B63FD42B465B7900FF0EDC /* Preview Content */ = {
			isa = PBXGroup;
			children = (
				28B63FD52B465B7900FF0EDC /* Preview Assets.xcassets */,
			);
			path = "Preview Content";
			sourceTree = "<group>";
		};
		28F198562B46686900FE2064 /* Views */ = {
			isa = PBXGroup;
			children = (
				28F198572B46688200FE2064 /* HomeView.swift */,
				28A988F22B4719DB00C0DA24 /* NotificationsView.swift */,
				28A988F42B4724A400C0DA24 /* ProfileView.swift */,
				28A988F62B47321200C0DA24 /* ExploreView.swift */,
				28F343FA2B49498C00FDB44B /* TrendingRepositoriesView.swift */,
				28F343FC2B4D7A0400FDB44B /* MyWorksViewSort.swift */,
				28F343FE2B4DE3D000FDB44B /* SettingsView.swift */,
				2830621E2B55147E00BC17E5 /* FavoritesView.swift */,
			);
			path = Views;
			sourceTree = "<group>";
		};
		28F198592B4668C100FE2064 /* ViewModels */ = {
			isa = PBXGroup;
			children = (
				28F1985A2B4668D500FE2064 /* HomeViewModel.swift */,
				28A988F82B473EEE00C0DA24 /* ProfileViewModel.swift */,
				28C834422B47D8D000255A7F /* ExploreViewModel.swift */,
				2830621C2B5512CD00BC17E5 /* FavoritesViewModel.swift */,
			);
			path = ViewModels;
			sourceTree = "<group>";
		};
		28F1985C2B4668ED00FE2064 /* Models */ = {
			isa = PBXGroup;
			children = (
				28F1985D2B4668FC00FE2064 /* Item.swift */,
				28C834442B47FCA500255A7F /* Repository.swift */,
				28F343F52B488A7E00FDB44B /* User.swift */,
			);
			path = Models;
			sourceTree = "<group>";
		};
		28F343F72B49398400FDB44B /* Components */ = {
			isa = PBXGroup;
			children = (
				28F343F82B4939A700FDB44B /* RepositoryView.swift */,
			);
			path = Components;
			sourceTree = "<group>";
		};
/* End PBXGroup section */

/* Begin PBXNativeTarget section */
		28B63FCA2B465B7700FF0EDC /* GitHubCloneiOS */ = {
			isa = PBXNativeTarget;
			buildConfigurationList = 28B63FD92B465B7900FF0EDC /* Build configuration list for PBXNativeTarget "GitHubCloneiOS" */;
			buildPhases = (
				28B63FC72B465B7700FF0EDC /* Sources */,
				28B63FC82B465B7700FF0EDC /* Frameworks */,
				28B63FC92B465B7700FF0EDC /* Resources */,
			);
			buildRules = (
			);
			dependencies = (
			);
			name = GitHubCloneiOS;
			productName = GitHubCloneiOS;
			productReference = 28B63FCB2B465B7700FF0EDC /* GitHubCloneiOS.app */;
			productType = "com.apple.product-type.application";
		};
/* End PBXNativeTarget section */

/* Begin PBXProject section */
		28B63FC32B465B7700FF0EDC /* Project object */ = {
			isa = PBXProject;
			attributes = {
				BuildIndependentTargetsInParallel = 1;
				LastSwiftUpdateCheck = 1500;
				LastUpgradeCheck = 1500;
				TargetAttributes = {
					28B63FCA2B465B7700FF0EDC = {
						CreatedOnToolsVersion = 15.0;
					};
				};
			};
			buildConfigurationList = 28B63FC62B465B7700FF0EDC /* Build configuration list for PBXProject "GitHubCloneiOS" */;
			compatibilityVersion = "Xcode 14.0";
			developmentRegion = en;
			hasScannedForEncodings = 0;
			knownRegions = (
				en,
				Base,
			);
			mainGroup = 28B63FC22B465B7700FF0EDC;
			productRefGroup = 28B63FCC2B465B7700FF0EDC /* Products */;
			projectDirPath = "";
			projectRoot = "";
			targets = (
				28B63FCA2B465B7700FF0EDC /* GitHubCloneiOS */,
			);
		};
/* End PBXProject section */

/* Begin PBXResourcesBuildPhase section */
		28B63FC92B465B7700FF0EDC /* Resources */ = {
			isa = PBXResourcesBuildPhase;
			buildActionMask = 2147483647;
			files = (
				28B63FE32B465C5100FF0EDC /* Assets.xcassets in Resources */,
				28B63FD62B465B7900FF0EDC /* Preview Assets.xcassets in Resources */,
			);
			runOnlyForDeploymentPostprocessing = 0;
		};
/* End PBXResourcesBuildPhase section */

/* Begin PBXSourcesBuildPhase section */
		28B63FC72B465B7700FF0EDC /* Sources */ = {
			isa = PBXSourcesBuildPhase;
			buildActionMask = 2147483647;
			files = (
				28F343FF2B4DE3D000FDB44B /* SettingsView.swift in Sources */,
				28A988F72B47321200C0DA24 /* ExploreView.swift in Sources */,
				28F1985E2B4668FC00FE2064 /* Item.swift in Sources */,
				28F343F92B4939A700FDB44B /* RepositoryView.swift in Sources */,
				28A988F32B4719DB00C0DA24 /* NotificationsView.swift in Sources */,
				28B63FCF2B465B7700FF0EDC /* GitHubCloneiOSApp.swift in Sources */,
				285AE01D2B4E804F00FDCED9 /* APIService.swift in Sources */,
				2830621D2B5512CD00BC17E5 /* FavoritesViewModel.swift in Sources */,
				2830621F2B55147E00BC17E5 /* FavoritesView.swift in Sources */,
				28F343FB2B49498C00FDB44B /* TrendingRepositoriesView.swift in Sources */,
				28F1985B2B4668D500FE2064 /* HomeViewModel.swift in Sources */,
				28A988F52B4724A400C0DA24 /* ProfileView.swift in Sources */,
				28C834432B47D8D000255A7F /* ExploreViewModel.swift in Sources */,
				28F343FD2B4D7A0400FDB44B /* MyWorksViewSort.swift in Sources */,
				28A988F92B473EEE00C0DA24 /* ProfileViewModel.swift in Sources */,
				28C834452B47FCA500255A7F /* Repository.swift in Sources */,
				28F198582B46688200FE2064 /* HomeView.swift in Sources */,
				28F343F62B488A7E00FDB44B /* User.swift in Sources */,
			);
			runOnlyForDeploymentPostprocessing = 0;
		};
/* End PBXSourcesBuildPhase section */

/* Begin XCBuildConfiguration section */
		28B63FD72B465B7900FF0EDC /* Debug */ = {
			isa = XCBuildConfiguration;
			buildSettings = {
				ALWAYS_SEARCH_USER_PATHS = NO;
				ASSETCATALOG_COMPILER_GENERATE_SWIFT_ASSET_SYMBOL_EXTENSIONS = YES;
				CLANG_ANALYZER_NONNULL = YES;
				CLANG_ANALYZER_NUMBER_OBJECT_CONVERSION = YES_AGGRESSIVE;
				CLANG_CXX_LANGUAGE_STANDARD = "gnu++20";
				CLANG_ENABLE_MODULES = YES;
				CLANG_ENABLE_OBJC_ARC = YES;
				CLANG_ENABLE_OBJC_WEAK = YES;
				CLANG_WARN_BLOCK_CAPTURE_AUTORELEASING = YES;
				CLANG_WARN_BOOL_CONVERSION = YES;
				CLANG_WARN_COMMA = YES;
				CLANG_WARN_CONSTANT_CONVERSION = YES;
				CLANG_WARN_DEPRECATED_OBJC_IMPLEMENTATIONS = YES;
				CLANG_WARN_DIRECT_OBJC_ISA_USAGE = YES_ERROR;
				CLANG_WARN_DOCUMENTATION_COMMENTS = YES;
				CLANG_WARN_EMPTY_BODY = YES;
				CLANG_WARN_ENUM_CONVERSION = YES;
				CLANG_WARN_INFINITE_RECURSION = YES;
				CLANG_WARN_INT_CONVERSION = YES;
				CLANG_WARN_NON_LITERAL_NULL_CONVERSION = YES;
				CLANG_WARN_OBJC_IMPLICIT_RETAIN_SELF = YES;
				CLANG_WARN_OBJC_LITERAL_CONVERSION = YES;
				CLANG_WARN_OBJC_ROOT_CLASS = YES_ERROR;
				CLANG_WARN_QUOTED_INCLUDE_IN_FRAMEWORK_HEADER = YES;
				CLANG_WARN_RANGE_LOOP_ANALYSIS = YES;
				CLANG_WARN_STRICT_PROTOTYPES = YES;
				CLANG_WARN_SUSPICIOUS_MOVE = YES;
				CLANG_WARN_UNGUARDED_AVAILABILITY = YES_AGGRESSIVE;
				CLANG_WARN_UNREACHABLE_CODE = YES;
				CLANG_WARN__DUPLICATE_METHOD_MATCH = YES;
				COPY_PHASE_STRIP = NO;
				DEBUG_INFORMATION_FORMAT = dwarf;
				ENABLE_STRICT_OBJC_MSGSEND = YES;
				ENABLE_TESTABILITY = YES;
				ENABLE_USER_SCRIPT_SANDBOXING = YES;
				GCC_C_LANGUAGE_STANDARD = gnu17;
				GCC_DYNAMIC_NO_PIC = NO;
				GCC_NO_COMMON_BLOCKS = YES;
				GCC_OPTIMIZATION_LEVEL = 0;
				GCC_PREPROCESSOR_DEFINITIONS = (
					"DEBUG=1",
					"$(inherited)",
				);
				GCC_WARN_64_TO_32_BIT_CONVERSION = YES;
				GCC_WARN_ABOUT_RETURN_TYPE = YES_ERROR;
				GCC_WARN_UNDECLARED_SELECTOR = YES;
				GCC_WARN_UNINITIALIZED_AUTOS = YES_AGGRESSIVE;
				GCC_WARN_UNUSED_FUNCTION = YES;
				GCC_WARN_UNUSED_VARIABLE = YES;
				IPHONEOS_DEPLOYMENT_TARGET = 17.0;
				LOCALIZATION_PREFERS_STRING_CATALOGS = YES;
				MTL_ENABLE_DEBUG_INFO = INCLUDE_SOURCE;
				MTL_FAST_MATH = YES;
				ONLY_ACTIVE_ARCH = YES;
				SDKROOT = iphoneos;
				SWIFT_ACTIVE_COMPILATION_CONDITIONS = "DEBUG $(inherited)";
				SWIFT_OPTIMIZATION_LEVEL = "-Onone";
			};
			name = Debug;
		};
		28B63FD82B465B7900FF0EDC /* Release */ = {
			isa = XCBuildConfiguration;
			buildSettings = {
				ALWAYS_SEARCH_USER_PATHS = NO;
				ASSETCATALOG_COMPILER_GENERATE_SWIFT_ASSET_SYMBOL_EXTENSIONS = YES;
				CLANG_ANALYZER_NONNULL = YES;
				CLANG_ANALYZER_NUMBER_OBJECT_CONVERSION = YES_AGGRESSIVE;
				CLANG_CXX_LANGUAGE_STANDARD = "gnu++20";
				CLANG_ENABLE_MODULES = YES;
				CLANG_ENABLE_OBJC_ARC = YES;
				CLANG_ENABLE_OBJC_WEAK = YES;
				CLANG_WARN_BLOCK_CAPTURE_AUTORELEASING = YES;
				CLANG_WARN_BOOL_CONVERSION = YES;
				CLANG_WARN_COMMA = YES;
				CLANG_WARN_CONSTANT_CONVERSION = YES;
				CLANG_WARN_DEPRECATED_OBJC_IMPLEMENTATIONS = YES;
				CLANG_WARN_DIRECT_OBJC_ISA_USAGE = YES_ERROR;
				CLANG_WARN_DOCUMENTATION_COMMENTS = YES;
				CLANG_WARN_EMPTY_BODY = YES;
				CLANG_WARN_ENUM_CONVERSION = YES;
				CLANG_WARN_INFINITE_RECURSION = YES;
				CLANG_WARN_INT_CONVERSION = YES;
				CLANG_WARN_NON_LITERAL_NULL_CONVERSION = YES;
				CLANG_WARN_OBJC_IMPLICIT_RETAIN_SELF = YES;
				CLANG_WARN_OBJC_LITERAL_CONVERSION = YES;
				CLANG_WARN_OBJC_ROOT_CLASS = YES_ERROR;
				CLANG_WARN_QUOTED_INCLUDE_IN_FRAMEWORK_HEADER = YES;
				CLANG_WARN_RANGE_LOOP_ANALYSIS = YES;
				CLANG_WARN_STRICT_PROTOTYPES = YES;
				CLANG_WARN_SUSPICIOUS_MOVE = YES;
				CLANG_WARN_UNGUARDED_AVAILABILITY = YES_AGGRESSIVE;
				CLANG_WARN_UNREACHABLE_CODE = YES;
				CLANG_WARN__DUPLICATE_METHOD_MATCH = YES;
				COPY_PHASE_STRIP = NO;
				DEBUG_INFORMATION_FORMAT = "dwarf-with-dsym";
				ENABLE_NS_ASSERTIONS = NO;
				ENABLE_STRICT_OBJC_MSGSEND = YES;
				ENABLE_USER_SCRIPT_SANDBOXING = YES;
				GCC_C_LANGUAGE_STANDARD = gnu17;
				GCC_NO_COMMON_BLOCKS = YES;
				GCC_WARN_64_TO_32_BIT_CONVERSION = YES;
				GCC_WARN_ABOUT_RETURN_TYPE = YES_ERROR;
				GCC_WARN_UNDECLARED_SELECTOR = YES;
				GCC_WARN_UNINITIALIZED_AUTOS = YES_AGGRESSIVE;
				GCC_WARN_UNUSED_FUNCTION = YES;
				GCC_WARN_UNUSED_VARIABLE = YES;
				IPHONEOS_DEPLOYMENT_TARGET = 17.0;
				LOCALIZATION_PREFERS_STRING_CATALOGS = YES;
				MTL_ENABLE_DEBUG_INFO = NO;
				MTL_FAST_MATH = YES;
				SDKROOT = iphoneos;
				SWIFT_COMPILATION_MODE = wholemodule;
				VALIDATE_PRODUCT = YES;
			};
			name = Release;
		};
		28B63FDA2B465B7900FF0EDC /* Debug */ = {
			isa = XCBuildConfiguration;
			buildSettings = {
				ASSETCATALOG_COMPILER_APPICON_NAME = AppIcon;
				ASSETCATALOG_COMPILER_GLOBAL_ACCENT_COLOR_NAME = AccentColor;
				CODE_SIGN_STYLE = Automatic;
				CURRENT_PROJECT_VERSION = 1;
				DEVELOPMENT_ASSET_PATHS = "\"GitHubCloneiOS/Preview Content\"";
				DEVELOPMENT_TEAM = LWSWYUB6A2;
				ENABLE_PREVIEWS = YES;
				GENERATE_INFOPLIST_FILE = YES;
				INFOPLIST_KEY_UIApplicationSceneManifest_Generation = YES;
				INFOPLIST_KEY_UIApplicationSupportsIndirectInputEvents = YES;
				INFOPLIST_KEY_UILaunchScreen_Generation = YES;
				INFOPLIST_KEY_UISupportedInterfaceOrientations_iPad = "UIInterfaceOrientationPortrait UIInterfaceOrientationPortraitUpsideDown UIInterfaceOrientationLandscapeLeft UIInterfaceOrientationLandscapeRight";
				INFOPLIST_KEY_UISupportedInterfaceOrientations_iPhone = "UIInterfaceOrientationPortrait UIInterfaceOrientationLandscapeLeft UIInterfaceOrientationLandscapeRight";
				LD_RUNPATH_SEARCH_PATHS = (
					"$(inherited)",
					"@executable_path/Frameworks",
				);
				MARKETING_VERSION = 1.0;
				PRODUCT_BUNDLE_IDENTIFIER = com.example.GitHubCloneiOS;
				PRODUCT_NAME = "$(TARGET_NAME)";
				SWIFT_EMIT_LOC_STRINGS = YES;
				SWIFT_VERSION = 5.0;
				TARGETED_DEVICE_FAMILY = "1,2";
			};
			name = Debug;
		};
		28B63FDB2B465B7900FF0EDC /* Release */ = {
			isa = XCBuildConfiguration;
			buildSettings = {
				ASSETCATALOG_COMPILER_APPICON_NAME = AppIcon;
				ASSETCATALOG_COMPILER_GLOBAL_ACCENT_COLOR_NAME = AccentColor;
				CODE_SIGN_STYLE = Automatic;
				CURRENT_PROJECT_VERSION = 1;
				DEVELOPMENT_ASSET_PATHS = "\"GitHubCloneiOS/Preview Content\"";
				DEVELOPMENT_TEAM = LWSWYUB6A2;
				ENABLE_PREVIEWS = YES;
				GENERATE_INFOPLIST_FILE = YES;
				INFOPLIST_KEY_UIApplicationSceneManifest_Generation = YES;
				INFOPLIST_KEY_UIApplicationSupportsIndirectInputEvents = YES;
				INFOPLIST_KEY_UILaunchScreen_Generation = YES;
				INFOPLIST_KEY_UISupportedInterfaceOrientations_iPad = "UIInterfaceOrientationPortrait UIInterfaceOrientationPortraitUpsideDown UIInterfaceOrientationLandscapeLeft UIInterfaceOrientationLandscapeRight";
				INFOPLIST_KEY_UISupportedInterfaceOrientations_iPhone = "UIInterfaceOrientationPortrait UIInterfaceOrientationLandscapeLeft UIInterfaceOrientationLandscapeRight";
				LD_RUNPATH_SEARCH_PATHS = (
					"$(inherited)",
					"@executable_path/Frameworks",
				);
				MARKETING_VERSION = 1.0;
				PRODUCT_BUNDLE_IDENTIFIER = com.example.GitHubCloneiOS;
				PRODUCT_NAME = "$(TARGET_NAME)";
				SWIFT_EMIT_LOC_STRINGS = YES;
				SWIFT_VERSION = 5.0;
				TARGETED_DEVICE_FAMILY = "1,2";
			};
			name = Release;
		};
/* End XCBuildConfiguration section */

/* Begin XCConfigurationList section */
		28B63FC62B465B7700FF0EDC /* Build configuration list for PBXProject "GitHubCloneiOS" */ = {
			isa = XCConfigurationList;
			buildConfigurations = (
				28B63FD72B465B7900FF0EDC /* Debug */,
				28B63FD82B465B7900FF0EDC /* Release */,
			);
			defaultConfigurationIsVisible = 0;
			defaultConfigurationName = Release;
		};
		28B63FD92B465B7900FF0EDC /* Build configuration list for PBXNativeTarget "GitHubCloneiOS" */ = {
			isa = XCConfigurationList;
			buildConfigurations = (
				28B63FDA2B465B7900FF0EDC /* Debug */,
				28B63FDB2B465B7900FF0EDC /* Release */,
			);
			defaultConfigurationIsVisible = 0;
			defaultConfigurationName = Release;
		};
/* End XCConfigurationList section */
	};
	rootObject = 28B63FC32B465B7700FF0EDC /* Project object */;
}
