// !$*UTF8*$!
{
	archiveVersion = 1;
	classes = {
	};
	objectVersion = 56;
	objects = {

/* Begin PBXBuildFile section */
		2800E57E2C5FB82F00CD4E43 /* MyWorkItem.swift in Sources */ = {isa = PBXBuildFile; fileRef = 2800E57D2C5FB82F00CD4E43 /* MyWorkItem.swift */; };
		2800E5812C5FB94500CD4E43 /* ExploreItem.swift in Sources */ = {isa = PBXBuildFile; fileRef = 2800E5802C5FB94500CD4E43 /* ExploreItem.swift */; };
		2800E5842C5FB99F00CD4E43 /* ProfileItem.swift in Sources */ = {isa = PBXBuildFile; fileRef = 2800E5832C5FB99F00CD4E43 /* ProfileItem.swift */; };
		2800E5882C5FBAEB00CD4E43 /* CachedAvatarView.swift in Sources */ = {isa = PBXBuildFile; fileRef = 2800E5872C5FBAEB00CD4E43 /* CachedAvatarView.swift */; };
		2800E58B2C5FBB1900CD4E43 /* CachedAvatarViewModel.swift in Sources */ = {isa = PBXBuildFile; fileRef = 2800E58A2C5FBB1900CD4E43 /* CachedAvatarViewModel.swift */; };
		2800E58E2C5FCB0800CD4E43 /* APIError.swift in Sources */ = {isa = PBXBuildFile; fileRef = 2800E58D2C5FCB0800CD4E43 /* APIError.swift */; };
		2800E5902C5FCF6900CD4E43 /* CacheManager.swift in Sources */ = {isa = PBXBuildFile; fileRef = 2800E58F2C5FCF6900CD4E43 /* CacheManager.swift */; };
		2800E5932C60071300CD4E43 /* LoadingState.swift in Sources */ = {isa = PBXBuildFile; fileRef = 2800E5922C60071300CD4E43 /* LoadingState.swift */; };
		2800E5962C694C9700CD4E43 /* RepositoriesListView.swift in Sources */ = {isa = PBXBuildFile; fileRef = 2800E5952C694C9700CD4E43 /* RepositoriesListView.swift */; };
		2800E59A2C694DE900CD4E43 /* RepositoryDetailsView.swift in Sources */ = {isa = PBXBuildFile; fileRef = 2800E5992C694DE900CD4E43 /* RepositoryDetailsView.swift */; };
		2800E59F2C69547C00CD4E43 /* NavigationManager.swift in Sources */ = {isa = PBXBuildFile; fileRef = 2800E59E2C69547C00CD4E43 /* NavigationManager.swift */; };
		280513122D6276D600F83BC9 /* IssuesViewModel.swift in Sources */ = {isa = PBXBuildFile; fileRef = 280513112D6276D600F83BC9 /* IssuesViewModel.swift */; };
		280513152D62774F00F83BC9 /* Issue.swift in Sources */ = {isa = PBXBuildFile; fileRef = 280513142D62774F00F83BC9 /* Issue.swift */; };
		280513172D62788300F83BC9 /* Common.swift in Sources */ = {isa = PBXBuildFile; fileRef = 280513162D62788300F83BC9 /* Common.swift */; };
		280513192D6278C600F83BC9 /* Owner.swift in Sources */ = {isa = PBXBuildFile; fileRef = 280513182D6278C600F83BC9 /* Owner.swift */; };
		2805131B2D6B7BB400F83BC9 /* CustomMenuPicker.swift in Sources */ = {isa = PBXBuildFile; fileRef = 2805131A2D6B7BB400F83BC9 /* CustomMenuPicker.swift */; };
		2805131D2D6B7BF600F83BC9 /* PInnedHeader.swift in Sources */ = {isa = PBXBuildFile; fileRef = 2805131C2D6B7BF600F83BC9 /* PInnedHeader.swift */; };
		2814A57E2D3BCAC300C69BDC /* IssuesView.swift in Sources */ = {isa = PBXBuildFile; fileRef = 2814A57D2D3BCAC300C69BDC /* IssuesView.swift */; };
		2814A5812D3C18CC00C69BDC /* StarredRepositoriesView.swift in Sources */ = {isa = PBXBuildFile; fileRef = 2814A5802D3C18CC00C69BDC /* StarredRepositoriesView.swift */; };
		2814A5832D3C1E6600C69BDC /* MarkdownUI in Frameworks */ = {isa = PBXBuildFile; productRef = 2814A5822D3C1E6600C69BDC /* MarkdownUI */; };
		281D17212CB1CA7400D77FC7 /* ListRowItem.swift in Sources */ = {isa = PBXBuildFile; fileRef = 281D17202CB1CA7400D77FC7 /* ListRowItem.swift */; };
		281D17242CB2DD0400D77FC7 /* CodeContentView.swift in Sources */ = {isa = PBXBuildFile; fileRef = 281D17232CB2DD0400D77FC7 /* CodeContentView.swift */; };
		281D17272CB2DFAA00D77FC7 /* MarkdownUI in Frameworks */ = {isa = PBXBuildFile; productRef = 281D17262CB2DFAA00D77FC7 /* MarkdownUI */; };
		281D17292CB2E01B00D77FC7 /* MarkDownView.swift in Sources */ = {isa = PBXBuildFile; fileRef = 281D17282CB2E01B00D77FC7 /* MarkDownView.swift */; };
		281D172B2CB2E2B600D77FC7 /* MarkDownViewModel.swift in Sources */ = {isa = PBXBuildFile; fileRef = 281D172A2CB2E2B600D77FC7 /* MarkDownViewModel.swift */; };
		282153DD2C711E7300388B89 /* EditMyWorksView.swift in Sources */ = {isa = PBXBuildFile; fileRef = 282153DC2C711E7300388B89 /* EditMyWorksView.swift */; };
		2830621D2B5512CD00BC17E5 /* FavoritesViewModel.swift in Sources */ = {isa = PBXBuildFile; fileRef = 2830621C2B5512CD00BC17E5 /* FavoritesViewModel.swift */; };
		2830621F2B55147E00BC17E5 /* FavoritesView.swift in Sources */ = {isa = PBXBuildFile; fileRef = 2830621E2B55147E00BC17E5 /* FavoritesView.swift */; };
		283F6D052D3C3F2500681D11 /* StarredRepositoriesViewModel.swift in Sources */ = {isa = PBXBuildFile; fileRef = 283F6D042D3C3F2500681D11 /* StarredRepositoriesViewModel.swift */; };
		283F6D072D3D85D100681D11 /* RepositoryCardView.swift in Sources */ = {isa = PBXBuildFile; fileRef = 283F6D062D3D85D100681D11 /* RepositoryCardView.swift */; };
		285AE01D2B4E804F00FDCED9 /* APIService.swift in Sources */ = {isa = PBXBuildFile; fileRef = 285AE01C2B4E804F00FDCED9 /* APIService.swift */; };
		286ABAEA2C9F26CC00DB8BEB /* CommitsView.swift in Sources */ = {isa = PBXBuildFile; fileRef = 286ABAE92C9F26CC00DB8BEB /* CommitsView.swift */; };
		286F9B9F2D0DC1D30061B876 /* EditStatusView.swift in Sources */ = {isa = PBXBuildFile; fileRef = 286F9B9E2D0DC1D30061B876 /* EditStatusView.swift */; };
		2877CA652D60DB5C00C1DCF2 /* FilteredSearchView.swift in Sources */ = {isa = PBXBuildFile; fileRef = 2877CA642D60DB5C00C1DCF2 /* FilteredSearchView.swift */; };
		288161012CFB6C76005EE8B8 /* ProfileNavigationValues.swift in Sources */ = {isa = PBXBuildFile; fileRef = 288161002CFB6C76005EE8B8 /* ProfileNavigationValues.swift */; };
		288161052CFB72BA005EE8B8 /* NavigationDestination.swift in Sources */ = {isa = PBXBuildFile; fileRef = 288161042CFB72BA005EE8B8 /* NavigationDestination.swift */; };
		288161082CFB7621005EE8B8 /* FollowersView.swift in Sources */ = {isa = PBXBuildFile; fileRef = 288161072CFB7621005EE8B8 /* FollowersView.swift */; };
		2881610E2D05D1F6005EE8B8 /* FollowingView.swift in Sources */ = {isa = PBXBuildFile; fileRef = 2881610D2D05D1F6005EE8B8 /* FollowingView.swift */; };
		288161132D05D3D2005EE8B8 /* UserListView.swift in Sources */ = {isa = PBXBuildFile; fileRef = 288161122D05D3D2005EE8B8 /* UserListView.swift */; };
		288161152D05D4CB005EE8B8 /* UserListViewModel.swift in Sources */ = {isa = PBXBuildFile; fileRef = 288161142D05D4CB005EE8B8 /* UserListViewModel.swift */; };
		288DDE7B2D0DC8C00034EB90 /* ProfileNavigationSheetValues.swift in Sources */ = {isa = PBXBuildFile; fileRef = 288DDE7A2D0DC8B50034EB90 /* ProfileNavigationSheetValues.swift */; };
		288DDE7E2D0DDE560034EB90 /* EditStatusViewModel.swift in Sources */ = {isa = PBXBuildFile; fileRef = 288DDE7D2D0DDE4C0034EB90 /* EditStatusViewModel.swift */; };
		288DDE812D0DE73B0034EB90 /* PressableModifier.swift in Sources */ = {isa = PBXBuildFile; fileRef = 288DDE802D0DE73B0034EB90 /* PressableModifier.swift */; };
		28A988F32B4719DB00C0DA24 /* NotificationsView.swift in Sources */ = {isa = PBXBuildFile; fileRef = 28A988F22B4719DB00C0DA24 /* NotificationsView.swift */; };
		28A988F52B4724A400C0DA24 /* ProfileView.swift in Sources */ = {isa = PBXBuildFile; fileRef = 28A988F42B4724A400C0DA24 /* ProfileView.swift */; };
		28A988F72B47321200C0DA24 /* ExploreView.swift in Sources */ = {isa = PBXBuildFile; fileRef = 28A988F62B47321200C0DA24 /* ExploreView.swift */; };
		28A988F92B473EEE00C0DA24 /* ProfileViewModel.swift in Sources */ = {isa = PBXBuildFile; fileRef = 28A988F82B473EEE00C0DA24 /* ProfileViewModel.swift */; };
		28B194702CF3A44700F43807 /* CodeContentViewModel.swift in Sources */ = {isa = PBXBuildFile; fileRef = 28B1946F2CF3A44700F43807 /* CodeContentViewModel.swift */; };
		28B194722CF3A59800F43807 /* CodeContent.swift in Sources */ = {isa = PBXBuildFile; fileRef = 28B194712CF3A59800F43807 /* CodeContent.swift */; };
		28B63FCF2B465B7700FF0EDC /* GitHubCloneiOSApp.swift in Sources */ = {isa = PBXBuildFile; fileRef = 28B63FCE2B465B7700FF0EDC /* GitHubCloneiOSApp.swift */; };
		28B63FD62B465B7900FF0EDC /* Preview Assets.xcassets in Resources */ = {isa = PBXBuildFile; fileRef = 28B63FD52B465B7900FF0EDC /* Preview Assets.xcassets */; };
		28B63FE32B465C5100FF0EDC /* Assets.xcassets in Resources */ = {isa = PBXBuildFile; fileRef = 28B63FE22B465C5100FF0EDC /* Assets.xcassets */; };
		28C0CB812C42D63C00B31B78 /* View+.swift in Sources */ = {isa = PBXBuildFile; fileRef = 28C0CB802C42D63C00B31B78 /* View+.swift */; };
		28C0CB832C42D70900B31B78 /* HomeNavigationValues.swift in Sources */ = {isa = PBXBuildFile; fileRef = 28C0CB822C42D70900B31B78 /* HomeNavigationValues.swift */; };
		28C0CB852C42DCE000B31B78 /* HomeNavigationSheetValues.swift in Sources */ = {isa = PBXBuildFile; fileRef = 28C0CB842C42DCE000B31B78 /* HomeNavigationSheetValues.swift */; };
		28C0CB872C42DE2900B31B78 /* EditMyWorksViewModel.swift in Sources */ = {isa = PBXBuildFile; fileRef = 28C0CB862C42DE2900B31B78 /* EditMyWorksViewModel.swift */; };
		28C834432B47D8D000255A7F /* ExploreViewModel.swift in Sources */ = {isa = PBXBuildFile; fileRef = 28C834422B47D8D000255A7F /* ExploreViewModel.swift */; };
		28C834452B47FCA500255A7F /* Repository.swift in Sources */ = {isa = PBXBuildFile; fileRef = 28C834442B47FCA500255A7F /* Repository.swift */; };
		28D899442C9F2AB2000C5822 /* CommitsViewModel.swift in Sources */ = {isa = PBXBuildFile; fileRef = 28D899432C9F2AB2000C5822 /* CommitsViewModel.swift */; };
		28D899462C9F2B7C000C5822 /* Commit.swift in Sources */ = {isa = PBXBuildFile; fileRef = 28D899452C9F2B7C000C5822 /* Commit.swift */; };
		28D899492C9F37DE000C5822 /* CommitsList.swift in Sources */ = {isa = PBXBuildFile; fileRef = 28D899482C9F37DE000C5822 /* CommitsList.swift */; };
		28D8994C2C9F4FED000C5822 /* Date+.swift in Sources */ = {isa = PBXBuildFile; fileRef = 28D8994B2C9F4FED000C5822 /* Date+.swift */; };
		28E394EF2C709F3D005D79C3 /* DevData.swift in Sources */ = {isa = PBXBuildFile; fileRef = 28E394EE2C709F3D005D79C3 /* DevData.swift */; };
		28F198582B46688200FE2064 /* HomeView.swift in Sources */ = {isa = PBXBuildFile; fileRef = 28F198572B46688200FE2064 /* HomeView.swift */; };
		28F1985B2B4668D500FE2064 /* HomeViewModel.swift in Sources */ = {isa = PBXBuildFile; fileRef = 28F1985A2B4668D500FE2064 /* HomeViewModel.swift */; };
		28F1985E2B4668FC00FE2064 /* Item.swift in Sources */ = {isa = PBXBuildFile; fileRef = 28F1985D2B4668FC00FE2064 /* Item.swift */; };
		28F343F62B488A7E00FDB44B /* User.swift in Sources */ = {isa = PBXBuildFile; fileRef = 28F343F52B488A7E00FDB44B /* User.swift */; };
		28F343F92B4939A700FDB44B /* RepositoryActionCardView.swift in Sources */ = {isa = PBXBuildFile; fileRef = 28F343F82B4939A700FDB44B /* RepositoryActionCardView.swift */; };
		28F343FB2B49498C00FDB44B /* TrendingRepositoriesView.swift in Sources */ = {isa = PBXBuildFile; fileRef = 28F343FA2B49498C00FDB44B /* TrendingRepositoriesView.swift */; };
		28F343FF2B4DE3D000FDB44B /* SettingsView.swift in Sources */ = {isa = PBXBuildFile; fileRef = 28F343FE2B4DE3D000FDB44B /* SettingsView.swift */; };
		28F867592C5FAE83009F3CCC /* RepositoriesView.swift in Sources */ = {isa = PBXBuildFile; fileRef = 28F867582C5FAE83009F3CCC /* RepositoriesView.swift */; };
		28F8675B2C5FAF7D009F3CCC /* RepositoriesVeiwModel.swift in Sources */ = {isa = PBXBuildFile; fileRef = 28F8675A2C5FAF7D009F3CCC /* RepositoriesVeiwModel.swift */; };
/* End PBXBuildFile section */

/* Begin PBXFileReference section */
		2800E57D2C5FB82F00CD4E43 /* MyWorkItem.swift */ = {isa = PBXFileReference; lastKnownFileType = sourcecode.swift; path = MyWorkItem.swift; sourceTree = "<group>"; };
		2800E5802C5FB94500CD4E43 /* ExploreItem.swift */ = {isa = PBXFileReference; lastKnownFileType = sourcecode.swift; path = ExploreItem.swift; sourceTree = "<group>"; };
		2800E5832C5FB99F00CD4E43 /* ProfileItem.swift */ = {isa = PBXFileReference; lastKnownFileType = sourcecode.swift; path = ProfileItem.swift; sourceTree = "<group>"; };
		2800E5872C5FBAEB00CD4E43 /* CachedAvatarView.swift */ = {isa = PBXFileReference; lastKnownFileType = sourcecode.swift; path = CachedAvatarView.swift; sourceTree = "<group>"; };
		2800E58A2C5FBB1900CD4E43 /* CachedAvatarViewModel.swift */ = {isa = PBXFileReference; lastKnownFileType = sourcecode.swift; path = CachedAvatarViewModel.swift; sourceTree = "<group>"; };
		2800E58D2C5FCB0800CD4E43 /* APIError.swift */ = {isa = PBXFileReference; lastKnownFileType = sourcecode.swift; path = APIError.swift; sourceTree = "<group>"; };
		2800E58F2C5FCF6900CD4E43 /* CacheManager.swift */ = {isa = PBXFileReference; lastKnownFileType = sourcecode.swift; path = CacheManager.swift; sourceTree = "<group>"; };
		2800E5922C60071300CD4E43 /* LoadingState.swift */ = {isa = PBXFileReference; lastKnownFileType = sourcecode.swift; path = LoadingState.swift; sourceTree = "<group>"; };
		2800E5952C694C9700CD4E43 /* RepositoriesListView.swift */ = {isa = PBXFileReference; lastKnownFileType = sourcecode.swift; path = RepositoriesListView.swift; sourceTree = "<group>"; };
		2800E5992C694DE900CD4E43 /* RepositoryDetailsView.swift */ = {isa = PBXFileReference; lastKnownFileType = sourcecode.swift; path = RepositoryDetailsView.swift; sourceTree = "<group>"; };
		2800E59E2C69547C00CD4E43 /* NavigationManager.swift */ = {isa = PBXFileReference; lastKnownFileType = sourcecode.swift; path = NavigationManager.swift; sourceTree = "<group>"; };
		280513112D6276D600F83BC9 /* IssuesViewModel.swift */ = {isa = PBXFileReference; lastKnownFileType = sourcecode.swift; path = IssuesViewModel.swift; sourceTree = "<group>"; };
		280513142D62774F00F83BC9 /* Issue.swift */ = {isa = PBXFileReference; lastKnownFileType = sourcecode.swift; path = Issue.swift; sourceTree = "<group>"; };
		280513162D62788300F83BC9 /* Common.swift */ = {isa = PBXFileReference; lastKnownFileType = sourcecode.swift; path = Common.swift; sourceTree = "<group>"; };
		280513182D6278C600F83BC9 /* Owner.swift */ = {isa = PBXFileReference; lastKnownFileType = sourcecode.swift; path = Owner.swift; sourceTree = "<group>"; };
		2805131A2D6B7BB400F83BC9 /* CustomMenuPicker.swift */ = {isa = PBXFileReference; lastKnownFileType = sourcecode.swift; path = CustomMenuPicker.swift; sourceTree = "<group>"; };
		2805131C2D6B7BF600F83BC9 /* PInnedHeader.swift */ = {isa = PBXFileReference; lastKnownFileType = sourcecode.swift; path = PInnedHeader.swift; sourceTree = "<group>"; };
		2814A57D2D3BCAC300C69BDC /* IssuesView.swift */ = {isa = PBXFileReference; lastKnownFileType = sourcecode.swift; path = IssuesView.swift; sourceTree = "<group>"; };
		2814A5802D3C18CC00C69BDC /* StarredRepositoriesView.swift */ = {isa = PBXFileReference; lastKnownFileType = sourcecode.swift; path = StarredRepositoriesView.swift; sourceTree = "<group>"; };
		281D17202CB1CA7400D77FC7 /* ListRowItem.swift */ = {isa = PBXFileReference; lastKnownFileType = sourcecode.swift; path = ListRowItem.swift; sourceTree = "<group>"; };
		281D17232CB2DD0400D77FC7 /* CodeContentView.swift */ = {isa = PBXFileReference; lastKnownFileType = sourcecode.swift; path = CodeContentView.swift; sourceTree = "<group>"; };
		281D17282CB2E01B00D77FC7 /* MarkDownView.swift */ = {isa = PBXFileReference; lastKnownFileType = sourcecode.swift; path = MarkDownView.swift; sourceTree = "<group>"; };
		281D172A2CB2E2B600D77FC7 /* MarkDownViewModel.swift */ = {isa = PBXFileReference; lastKnownFileType = sourcecode.swift; path = MarkDownViewModel.swift; sourceTree = "<group>"; };
		282153DC2C711E7300388B89 /* EditMyWorksView.swift */ = {isa = PBXFileReference; lastKnownFileType = sourcecode.swift; path = EditMyWorksView.swift; sourceTree = "<group>"; };
		2830621C2B5512CD00BC17E5 /* FavoritesViewModel.swift */ = {isa = PBXFileReference; lastKnownFileType = sourcecode.swift; path = FavoritesViewModel.swift; sourceTree = "<group>"; };
		2830621E2B55147E00BC17E5 /* FavoritesView.swift */ = {isa = PBXFileReference; lastKnownFileType = sourcecode.swift; path = FavoritesView.swift; sourceTree = "<group>"; };
		283F6D042D3C3F2500681D11 /* StarredRepositoriesViewModel.swift */ = {isa = PBXFileReference; lastKnownFileType = sourcecode.swift; path = StarredRepositoriesViewModel.swift; sourceTree = "<group>"; };
		283F6D062D3D85D100681D11 /* RepositoryCardView.swift */ = {isa = PBXFileReference; lastKnownFileType = sourcecode.swift; path = RepositoryCardView.swift; sourceTree = "<group>"; };
		285AE01C2B4E804F00FDCED9 /* APIService.swift */ = {isa = PBXFileReference; lastKnownFileType = sourcecode.swift; path = APIService.swift; sourceTree = "<group>"; };
		286ABAE92C9F26CC00DB8BEB /* CommitsView.swift */ = {isa = PBXFileReference; lastKnownFileType = sourcecode.swift; path = CommitsView.swift; sourceTree = "<group>"; };
		286F9B9E2D0DC1D30061B876 /* EditStatusView.swift */ = {isa = PBXFileReference; lastKnownFileType = sourcecode.swift; path = EditStatusView.swift; sourceTree = "<group>"; };
		2877CA642D60DB5C00C1DCF2 /* FilteredSearchView.swift */ = {isa = PBXFileReference; lastKnownFileType = sourcecode.swift; path = FilteredSearchView.swift; sourceTree = "<group>"; };
		288161002CFB6C76005EE8B8 /* ProfileNavigationValues.swift */ = {isa = PBXFileReference; lastKnownFileType = sourcecode.swift; path = ProfileNavigationValues.swift; sourceTree = "<group>"; };
		288161042CFB72BA005EE8B8 /* NavigationDestination.swift */ = {isa = PBXFileReference; lastKnownFileType = sourcecode.swift; path = NavigationDestination.swift; sourceTree = "<group>"; };
		288161072CFB7621005EE8B8 /* FollowersView.swift */ = {isa = PBXFileReference; lastKnownFileType = sourcecode.swift; path = FollowersView.swift; sourceTree = "<group>"; };
		2881610D2D05D1F6005EE8B8 /* FollowingView.swift */ = {isa = PBXFileReference; lastKnownFileType = sourcecode.swift; path = FollowingView.swift; sourceTree = "<group>"; };
		288161122D05D3D2005EE8B8 /* UserListView.swift */ = {isa = PBXFileReference; lastKnownFileType = sourcecode.swift; path = UserListView.swift; sourceTree = "<group>"; };
		288161142D05D4CB005EE8B8 /* UserListViewModel.swift */ = {isa = PBXFileReference; lastKnownFileType = sourcecode.swift; path = UserListViewModel.swift; sourceTree = "<group>"; };
		288DDE7A2D0DC8B50034EB90 /* ProfileNavigationSheetValues.swift */ = {isa = PBXFileReference; lastKnownFileType = sourcecode.swift; path = ProfileNavigationSheetValues.swift; sourceTree = "<group>"; };
		288DDE7D2D0DDE4C0034EB90 /* EditStatusViewModel.swift */ = {isa = PBXFileReference; lastKnownFileType = sourcecode.swift; path = EditStatusViewModel.swift; sourceTree = "<group>"; };
		288DDE802D0DE73B0034EB90 /* PressableModifier.swift */ = {isa = PBXFileReference; lastKnownFileType = sourcecode.swift; path = PressableModifier.swift; sourceTree = "<group>"; };
		28A988F22B4719DB00C0DA24 /* NotificationsView.swift */ = {isa = PBXFileReference; lastKnownFileType = sourcecode.swift; path = NotificationsView.swift; sourceTree = "<group>"; };
		28A988F42B4724A400C0DA24 /* ProfileView.swift */ = {isa = PBXFileReference; lastKnownFileType = sourcecode.swift; path = ProfileView.swift; sourceTree = "<group>"; };
		28A988F62B47321200C0DA24 /* ExploreView.swift */ = {isa = PBXFileReference; lastKnownFileType = sourcecode.swift; path = ExploreView.swift; sourceTree = "<group>"; };
		28A988F82B473EEE00C0DA24 /* ProfileViewModel.swift */ = {isa = PBXFileReference; lastKnownFileType = sourcecode.swift; path = ProfileViewModel.swift; sourceTree = "<group>"; };
		28B1946F2CF3A44700F43807 /* CodeContentViewModel.swift */ = {isa = PBXFileReference; lastKnownFileType = sourcecode.swift; path = CodeContentViewModel.swift; sourceTree = "<group>"; };
		28B194712CF3A59800F43807 /* CodeContent.swift */ = {isa = PBXFileReference; lastKnownFileType = sourcecode.swift; path = CodeContent.swift; sourceTree = "<group>"; };
		28B63FCB2B465B7700FF0EDC /* GitHubCloneiOS.app */ = {isa = PBXFileReference; explicitFileType = wrapper.application; includeInIndex = 0; path = GitHubCloneiOS.app; sourceTree = BUILT_PRODUCTS_DIR; };
		28B63FCE2B465B7700FF0EDC /* GitHubCloneiOSApp.swift */ = {isa = PBXFileReference; lastKnownFileType = sourcecode.swift; path = GitHubCloneiOSApp.swift; sourceTree = "<group>"; };
		28B63FD52B465B7900FF0EDC /* Preview Assets.xcassets */ = {isa = PBXFileReference; lastKnownFileType = folder.assetcatalog; path = "Preview Assets.xcassets"; sourceTree = "<group>"; };
		28B63FE22B465C5100FF0EDC /* Assets.xcassets */ = {isa = PBXFileReference; lastKnownFileType = folder.assetcatalog; path = Assets.xcassets; sourceTree = "<group>"; };
		28C0CB802C42D63C00B31B78 /* View+.swift */ = {isa = PBXFileReference; lastKnownFileType = sourcecode.swift; path = "View+.swift"; sourceTree = "<group>"; };
		28C0CB822C42D70900B31B78 /* HomeNavigationValues.swift */ = {isa = PBXFileReference; lastKnownFileType = sourcecode.swift; path = HomeNavigationValues.swift; sourceTree = "<group>"; };
		28C0CB842C42DCE000B31B78 /* HomeNavigationSheetValues.swift */ = {isa = PBXFileReference; lastKnownFileType = sourcecode.swift; path = HomeNavigationSheetValues.swift; sourceTree = "<group>"; };
		28C0CB862C42DE2900B31B78 /* EditMyWorksViewModel.swift */ = {isa = PBXFileReference; lastKnownFileType = sourcecode.swift; path = EditMyWorksViewModel.swift; sourceTree = "<group>"; };
		28C834422B47D8D000255A7F /* ExploreViewModel.swift */ = {isa = PBXFileReference; lastKnownFileType = sourcecode.swift; path = ExploreViewModel.swift; sourceTree = "<group>"; };
		28C834442B47FCA500255A7F /* Repository.swift */ = {isa = PBXFileReference; lastKnownFileType = sourcecode.swift; path = Repository.swift; sourceTree = "<group>"; };
		28D899432C9F2AB2000C5822 /* CommitsViewModel.swift */ = {isa = PBXFileReference; lastKnownFileType = sourcecode.swift; path = CommitsViewModel.swift; sourceTree = "<group>"; };
		28D899452C9F2B7C000C5822 /* Commit.swift */ = {isa = PBXFileReference; lastKnownFileType = sourcecode.swift; path = Commit.swift; sourceTree = "<group>"; };
		28D899482C9F37DE000C5822 /* CommitsList.swift */ = {isa = PBXFileReference; lastKnownFileType = sourcecode.swift; path = CommitsList.swift; sourceTree = "<group>"; };
		28D8994B2C9F4FED000C5822 /* Date+.swift */ = {isa = PBXFileReference; lastKnownFileType = sourcecode.swift; path = "Date+.swift"; sourceTree = "<group>"; };
		28E394EE2C709F3D005D79C3 /* DevData.swift */ = {isa = PBXFileReference; lastKnownFileType = sourcecode.swift; path = DevData.swift; sourceTree = "<group>"; };
		28F198572B46688200FE2064 /* HomeView.swift */ = {isa = PBXFileReference; lastKnownFileType = sourcecode.swift; path = HomeView.swift; sourceTree = "<group>"; };
		28F1985A2B4668D500FE2064 /* HomeViewModel.swift */ = {isa = PBXFileReference; lastKnownFileType = sourcecode.swift; path = HomeViewModel.swift; sourceTree = "<group>"; };
		28F1985D2B4668FC00FE2064 /* Item.swift */ = {isa = PBXFileReference; lastKnownFileType = sourcecode.swift; path = Item.swift; sourceTree = "<group>"; };
		28F343F52B488A7E00FDB44B /* User.swift */ = {isa = PBXFileReference; lastKnownFileType = sourcecode.swift; path = User.swift; sourceTree = "<group>"; };
		28F343F82B4939A700FDB44B /* RepositoryActionCardView.swift */ = {isa = PBXFileReference; lastKnownFileType = sourcecode.swift; path = RepositoryActionCardView.swift; sourceTree = "<group>"; };
		28F343FA2B49498C00FDB44B /* TrendingRepositoriesView.swift */ = {isa = PBXFileReference; lastKnownFileType = sourcecode.swift; path = TrendingRepositoriesView.swift; sourceTree = "<group>"; };
		28F343FE2B4DE3D000FDB44B /* SettingsView.swift */ = {isa = PBXFileReference; lastKnownFileType = sourcecode.swift; path = SettingsView.swift; sourceTree = "<group>"; };
		28F867582C5FAE83009F3CCC /* RepositoriesView.swift */ = {isa = PBXFileReference; lastKnownFileType = sourcecode.swift; path = RepositoriesView.swift; sourceTree = "<group>"; };
		28F8675A2C5FAF7D009F3CCC /* RepositoriesVeiwModel.swift */ = {isa = PBXFileReference; lastKnownFileType = sourcecode.swift; path = RepositoriesVeiwModel.swift; sourceTree = "<group>"; };
/* End PBXFileReference section */

/* Begin PBXFrameworksBuildPhase section */
		28B63FC82B465B7700FF0EDC /* Frameworks */ = {
			isa = PBXFrameworksBuildPhase;
			buildActionMask = 2147483647;
			files = (
				281D17272CB2DFAA00D77FC7 /* MarkdownUI in Frameworks */,
				2814A5832D3C1E6600C69BDC /* MarkdownUI in Frameworks */,
			);
			runOnlyForDeploymentPostprocessing = 0;
		};
/* End PBXFrameworksBuildPhase section */

/* Begin PBXGroup section */
		2800E57B2C5FB54700CD4E43 /* Common */ = {
			isa = PBXGroup;
			children = (
				28F343F82B4939A700FDB44B /* RepositoryActionCardView.swift */,
				2800E5872C5FBAEB00CD4E43 /* CachedAvatarView.swift */,
				281D17202CB1CA7400D77FC7 /* ListRowItem.swift */,
				281D17282CB2E01B00D77FC7 /* MarkDownView.swift */,
				288161122D05D3D2005EE8B8 /* UserListView.swift */,
				283F6D062D3D85D100681D11 /* RepositoryCardView.swift */,
				2877CA642D60DB5C00C1DCF2 /* FilteredSearchView.swift */,
				2805131A2D6B7BB400F83BC9 /* CustomMenuPicker.swift */,
				2805131C2D6B7BF600F83BC9 /* PInnedHeader.swift */,
			);
			path = Common;
			sourceTree = "<group>";
		};
		2800E57C2C5FB80100CD4E43 /* EditMyWork */ = {
			isa = PBXGroup;
			children = (
				2800E57D2C5FB82F00CD4E43 /* MyWorkItem.swift */,
			);
			path = EditMyWork;
			sourceTree = "<group>";
		};
		2800E57F2C5FB92500CD4E43 /* Explore */ = {
			isa = PBXGroup;
			children = (
				2800E5802C5FB94500CD4E43 /* ExploreItem.swift */,
			);
			path = Explore;
			sourceTree = "<group>";
		};
		2800E5822C5FB99000CD4E43 /* Profile */ = {
			isa = PBXGroup;
			children = (
				2800E5832C5FB99F00CD4E43 /* ProfileItem.swift */,
			);
			path = Profile;
			sourceTree = "<group>";
		};
		2800E5852C5FBA2D00CD4E43 /* Common */ = {
			isa = PBXGroup;
			children = (
				2800E5912C60070400CD4E43 /* Enums */,
				2800E58C2C5FCAD000CD4E43 /* Errors */,
				2800E5862C5FBA3A00CD4E43 /* Protocols */,
				28F343F52B488A7E00FDB44B /* User.swift */,
				28C834442B47FCA500255A7F /* Repository.swift */,
				28D899452C9F2B7C000C5822 /* Commit.swift */,
				28B194712CF3A59800F43807 /* CodeContent.swift */,
				280513162D62788300F83BC9 /* Common.swift */,
				280513182D6278C600F83BC9 /* Owner.swift */,
			);
			path = Common;
			sourceTree = "<group>";
		};
		2800E5862C5FBA3A00CD4E43 /* Protocols */ = {
			isa = PBXGroup;
			children = (
				28F1985D2B4668FC00FE2064 /* Item.swift */,
				288161042CFB72BA005EE8B8 /* NavigationDestination.swift */,
			);
			path = Protocols;
			sourceTree = "<group>";
		};
		2800E5892C5FBAFE00CD4E43 /* Common */ = {
			isa = PBXGroup;
			children = (
				2800E58A2C5FBB1900CD4E43 /* CachedAvatarViewModel.swift */,
				281D172A2CB2E2B600D77FC7 /* MarkDownViewModel.swift */,
				288161142D05D4CB005EE8B8 /* UserListViewModel.swift */,
			);
			path = Common;
			sourceTree = "<group>";
		};
		2800E58C2C5FCAD000CD4E43 /* Errors */ = {
			isa = PBXGroup;
			children = (
				2800E58D2C5FCB0800CD4E43 /* APIError.swift */,
			);
			path = Errors;
			sourceTree = "<group>";
		};
		2800E5912C60070400CD4E43 /* Enums */ = {
			isa = PBXGroup;
			children = (
				2800E5922C60071300CD4E43 /* LoadingState.swift */,
			);
			path = Enums;
			sourceTree = "<group>";
		};
		2800E5942C694C7800CD4E43 /* Components */ = {
			isa = PBXGroup;
			children = (
				2800E5952C694C9700CD4E43 /* RepositoriesListView.swift */,
			);
			path = Components;
			sourceTree = "<group>";
		};
		2800E5972C694DC600CD4E43 /* RepositoryDetails */ = {
			isa = PBXGroup;
			children = (
				2800E5992C694DE900CD4E43 /* RepositoryDetailsView.swift */,
			);
			path = RepositoryDetails;
			sourceTree = "<group>";
		};
		280513102D62769700F83BC9 /* Issues */ = {
			isa = PBXGroup;
			children = (
				280513112D6276D600F83BC9 /* IssuesViewModel.swift */,
			);
			path = Issues;
			sourceTree = "<group>";
		};
		2814A57C2D3BCAB200C69BDC /* Issues */ = {
			isa = PBXGroup;
			children = (
				2814A57D2D3BCAC300C69BDC /* IssuesView.swift */,
			);
			path = Issues;
			sourceTree = "<group>";
		};
		2814A57F2D3C18AA00C69BDC /* StarredRepositories */ = {
			isa = PBXGroup;
			children = (
				2814A5802D3C18CC00C69BDC /* StarredRepositoriesView.swift */,
			);
			path = StarredRepositories;
			sourceTree = "<group>";
		};
		281D17222CB2DCF000D77FC7 /* Code */ = {
			isa = PBXGroup;
			children = (
				281D17232CB2DD0400D77FC7 /* CodeContentView.swift */,
			);
			path = Code;
			sourceTree = "<group>";
		};
		283F6D032D3C3EF800681D11 /* StarredRepositories */ = {
			isa = PBXGroup;
			children = (
				283F6D042D3C3F2500681D11 /* StarredRepositoriesViewModel.swift */,
			);
			path = StarredRepositories;
			sourceTree = "<group>";
		};
		285AE01B2B4E803000FDCED9 /* Services */ = {
			isa = PBXGroup;
			children = (
				2800E58F2C5FCF6900CD4E43 /* CacheManager.swift */,
				285AE01C2B4E804F00FDCED9 /* APIService.swift */,
				2800E59E2C69547C00CD4E43 /* NavigationManager.swift */,
			);
			path = Services;
			sourceTree = "<group>";
		};
		286ABAE82C9F269F00DB8BEB /* Commits */ = {
			isa = PBXGroup;
			children = (
				28D899472C9F37B4000C5822 /* Components */,
				286ABAE92C9F26CC00DB8BEB /* CommitsView.swift */,
			);
			path = Commits;
			sourceTree = "<group>";
		};
		286F9B9D2D0DC1B50061B876 /* EditStatus */ = {
			isa = PBXGroup;
			children = (
				286F9B9E2D0DC1D30061B876 /* EditStatusView.swift */,
			);
			path = EditStatus;
			sourceTree = "<group>";
		};
		288161062CFB75D8005EE8B8 /* Followers */ = {
			isa = PBXGroup;
			children = (
				288161072CFB7621005EE8B8 /* FollowersView.swift */,
			);
			path = Followers;
			sourceTree = "<group>";
		};
		2881610C2D05D1DC005EE8B8 /* Following */ = {
			isa = PBXGroup;
			children = (
				2881610D2D05D1F6005EE8B8 /* FollowingView.swift */,
			);
			path = Following;
			sourceTree = "<group>";
		};
		288DDE7C2D0DDE130034EB90 /* EditStatus */ = {
			isa = PBXGroup;
			children = (
				288DDE7D2D0DDE4C0034EB90 /* EditStatusViewModel.swift */,
			);
			path = EditStatus;
			sourceTree = "<group>";
		};
		288DDE7F2D0DE7240034EB90 /* ViewModifiers */ = {
			isa = PBXGroup;
			children = (
				288DDE802D0DE73B0034EB90 /* PressableModifier.swift */,
			);
			path = ViewModifiers;
			sourceTree = "<group>";
		};
		28B1946E2CF3A43100F43807 /* Code */ = {
			isa = PBXGroup;
			children = (
				28B1946F2CF3A44700F43807 /* CodeContentViewModel.swift */,
			);
			path = Code;
			sourceTree = "<group>";
		};
		28B63FC22B465B7700FF0EDC = {
			isa = PBXGroup;
			children = (
				28B63FCD2B465B7700FF0EDC /* GitHubCloneiOS */,
				28B63FCC2B465B7700FF0EDC /* Products */,
			);
			sourceTree = "<group>";
		};
		28B63FCC2B465B7700FF0EDC /* Products */ = {
			isa = PBXGroup;
			children = (
				28B63FCB2B465B7700FF0EDC /* GitHubCloneiOS.app */,
			);
			name = Products;
			sourceTree = "<group>";
		};
		28B63FCD2B465B7700FF0EDC /* GitHubCloneiOS */ = {
			isa = PBXGroup;
			children = (
				288DDE7F2D0DE7240034EB90 /* ViewModifiers */,
				28D8994A2C9F4FD0000C5822 /* Extensions */,
				28C0CB7F2C42D62500B31B78 /* Navigation */,
				285AE01B2B4E803000FDCED9 /* Services */,
				28F1985C2B4668ED00FE2064 /* Models */,
				28F198592B4668C100FE2064 /* ViewModels */,
				28F198562B46686900FE2064 /* Views */,
				28B63FE22B465C5100FF0EDC /* Assets.xcassets */,
				28B63FCE2B465B7700FF0EDC /* GitHubCloneiOSApp.swift */,
				28B63FD42B465B7900FF0EDC /* Preview Content */,
			);
			path = GitHubCloneiOS;
			sourceTree = "<group>";
		};
		28B63FD42B465B7900FF0EDC /* Preview Content */ = {
			isa = PBXGroup;
			children = (
				28E394EE2C709F3D005D79C3 /* DevData.swift */,
				28B63FD52B465B7900FF0EDC /* Preview Assets.xcassets */,
			);
			path = "Preview Content";
			sourceTree = "<group>";
		};
		28C0CB7F2C42D62500B31B78 /* Navigation */ = {
			isa = PBXGroup;
			children = (
				288DDE7A2D0DC8B50034EB90 /* ProfileNavigationSheetValues.swift */,
				28C0CB822C42D70900B31B78 /* HomeNavigationValues.swift */,
				28C0CB842C42DCE000B31B78 /* HomeNavigationSheetValues.swift */,
				288161002CFB6C76005EE8B8 /* ProfileNavigationValues.swift */,
			);
			path = Navigation;
			sourceTree = "<group>";
		};
		28D899422C9F2A9C000C5822 /* Commits */ = {
			isa = PBXGroup;
			children = (
				28D899432C9F2AB2000C5822 /* CommitsViewModel.swift */,
			);
			path = Commits;
			sourceTree = "<group>";
		};
		28D899472C9F37B4000C5822 /* Components */ = {
			isa = PBXGroup;
			children = (
				28D899482C9F37DE000C5822 /* CommitsList.swift */,
			);
			path = Components;
			sourceTree = "<group>";
		};
		28D8994A2C9F4FD0000C5822 /* Extensions */ = {
			isa = PBXGroup;
			children = (
				28D8994B2C9F4FED000C5822 /* Date+.swift */,
			);
			path = Extensions;
			sourceTree = "<group>";
		};
		28F198562B46686900FE2064 /* Views */ = {
			isa = PBXGroup;
			children = (
				2814A57F2D3C18AA00C69BDC /* StarredRepositories */,
				2814A57C2D3BCAB200C69BDC /* Issues */,
				286F9B9D2D0DC1B50061B876 /* EditStatus */,
				2881610C2D05D1DC005EE8B8 /* Following */,
				288161062CFB75D8005EE8B8 /* Followers */,
				281D17222CB2DCF000D77FC7 /* Code */,
				286ABAE82C9F269F00DB8BEB /* Commits */,
				2800E5972C694DC600CD4E43 /* RepositoryDetails */,
				2800E57B2C5FB54700CD4E43 /* Common */,
				28F867642C5FB3F4009F3CCC /* Settings */,
				28F867632C5FB390009F3CCC /* EditMyWorks */,
				28F867622C5FB381009F3CCC /* TrendingRepositories */,
				28F867612C5FB36F009F3CCC /* Favorites */,
				28F867602C5FB35A009F3CCC /* Repositories */,
				28F8675F2C5FB2D8009F3CCC /* Explore */,
				28F8675E2C5FB2CC009F3CCC /* Profile */,
				28F8675D2C5FB2C1009F3CCC /* Notifications */,
				28F8675C2C5FB268009F3CCC /* Home */,
				28C0CB802C42D63C00B31B78 /* View+.swift */,
			);
			path = Views;
			sourceTree = "<group>";
		};
		28F198592B4668C100FE2064 /* ViewModels */ = {
			isa = PBXGroup;
			children = (
				280513102D62769700F83BC9 /* Issues */,
				283F6D032D3C3EF800681D11 /* StarredRepositories */,
				288DDE7C2D0DDE130034EB90 /* EditStatus */,
				28B1946E2CF3A43100F43807 /* Code */,
				28D899422C9F2A9C000C5822 /* Commits */,
				2800E5892C5FBAFE00CD4E43 /* Common */,
				28F8676B2C5FB450009F3CCC /* Repositories */,
				28F8676A2C5FB442009F3CCC /* EditMyWorks */,
				28F867692C5FB42D009F3CCC /* Favorites */,
				28F867682C5FB424009F3CCC /* Explore */,
				28F867672C5FB41B009F3CCC /* Profile */,
				28F867662C5FB411009F3CCC /* Home */,
			);
			path = ViewModels;
			sourceTree = "<group>";
		};
		28F1985C2B4668ED00FE2064 /* Models */ = {
			isa = PBXGroup;
			children = (
				2800E5852C5FBA2D00CD4E43 /* Common */,
				2800E5822C5FB99000CD4E43 /* Profile */,
				2800E57F2C5FB92500CD4E43 /* Explore */,
				2800E57C2C5FB80100CD4E43 /* EditMyWork */,
				280513142D62774F00F83BC9 /* Issue.swift */,
			);
			path = Models;
			sourceTree = "<group>";
		};
		28F8675C2C5FB268009F3CCC /* Home */ = {
			isa = PBXGroup;
			children = (
				28F198572B46688200FE2064 /* HomeView.swift */,
			);
			path = Home;
			sourceTree = "<group>";
		};
		28F8675D2C5FB2C1009F3CCC /* Notifications */ = {
			isa = PBXGroup;
			children = (
				28A988F22B4719DB00C0DA24 /* NotificationsView.swift */,
			);
			path = Notifications;
			sourceTree = "<group>";
		};
		28F8675E2C5FB2CC009F3CCC /* Profile */ = {
			isa = PBXGroup;
			children = (
				28A988F42B4724A400C0DA24 /* ProfileView.swift */,
			);
			path = Profile;
			sourceTree = "<group>";
		};
		28F8675F2C5FB2D8009F3CCC /* Explore */ = {
			isa = PBXGroup;
			children = (
				28A988F62B47321200C0DA24 /* ExploreView.swift */,
			);
			path = Explore;
			sourceTree = "<group>";
		};
		28F867602C5FB35A009F3CCC /* Repositories */ = {
			isa = PBXGroup;
			children = (
				2800E5942C694C7800CD4E43 /* Components */,
				28F867582C5FAE83009F3CCC /* RepositoriesView.swift */,
			);
			path = Repositories;
			sourceTree = "<group>";
		};
		28F867612C5FB36F009F3CCC /* Favorites */ = {
			isa = PBXGroup;
			children = (
				2830621E2B55147E00BC17E5 /* FavoritesView.swift */,
			);
			path = Favorites;
			sourceTree = "<group>";
		};
		28F867622C5FB381009F3CCC /* TrendingRepositories */ = {
			isa = PBXGroup;
			children = (
				28F343FA2B49498C00FDB44B /* TrendingRepositoriesView.swift */,
			);
			path = TrendingRepositories;
			sourceTree = "<group>";
		};
		28F867632C5FB390009F3CCC /* EditMyWorks */ = {
			isa = PBXGroup;
			children = (
				282153DC2C711E7300388B89 /* EditMyWorksView.swift */,
			);
			path = EditMyWorks;
			sourceTree = "<group>";
		};
		28F867642C5FB3F4009F3CCC /* Settings */ = {
			isa = PBXGroup;
			children = (
				28F343FE2B4DE3D000FDB44B /* SettingsView.swift */,
			);
			path = Settings;
			sourceTree = "<group>";
		};
		28F867662C5FB411009F3CCC /* Home */ = {
			isa = PBXGroup;
			children = (
				28F1985A2B4668D500FE2064 /* HomeViewModel.swift */,
			);
			path = Home;
			sourceTree = "<group>";
		};
		28F867672C5FB41B009F3CCC /* Profile */ = {
			isa = PBXGroup;
			children = (
				28A988F82B473EEE00C0DA24 /* ProfileViewModel.swift */,
			);
			path = Profile;
			sourceTree = "<group>";
		};
		28F867682C5FB424009F3CCC /* Explore */ = {
			isa = PBXGroup;
			children = (
				28C834422B47D8D000255A7F /* ExploreViewModel.swift */,
			);
			path = Explore;
			sourceTree = "<group>";
		};
		28F867692C5FB42D009F3CCC /* Favorites */ = {
			isa = PBXGroup;
			children = (
				2830621C2B5512CD00BC17E5 /* FavoritesViewModel.swift */,
			);
			path = Favorites;
			sourceTree = "<group>";
		};
		28F8676A2C5FB442009F3CCC /* EditMyWorks */ = {
			isa = PBXGroup;
			children = (
				28C0CB862C42DE2900B31B78 /* EditMyWorksViewModel.swift */,
			);
			path = EditMyWorks;
			sourceTree = "<group>";
		};
		28F8676B2C5FB450009F3CCC /* Repositories */ = {
			isa = PBXGroup;
			children = (
				28F8675A2C5FAF7D009F3CCC /* RepositoriesVeiwModel.swift */,
			);
			path = Repositories;
			sourceTree = "<group>";
		};
/* End PBXGroup section */

/* Begin PBXNativeTarget section */
		28B63FCA2B465B7700FF0EDC /* GitHubCloneiOS */ = {
			isa = PBXNativeTarget;
			buildConfigurationList = 28B63FD92B465B7900FF0EDC /* Build configuration list for PBXNativeTarget "GitHubCloneiOS" */;
			buildPhases = (
				28B63FC72B465B7700FF0EDC /* Sources */,
				28B63FC82B465B7700FF0EDC /* Frameworks */,
				28B63FC92B465B7700FF0EDC /* Resources */,
			);
			buildRules = (
			);
			dependencies = (
			);
			name = GitHubCloneiOS;
			productName = GitHubCloneiOS;
			productReference = 28B63FCB2B465B7700FF0EDC /* GitHubCloneiOS.app */;
			productType = "com.apple.product-type.application";
		};
/* End PBXNativeTarget section */

/* Begin PBXProject section */
		28B63FC32B465B7700FF0EDC /* Project object */ = {
			isa = PBXProject;
			attributes = {
				BuildIndependentTargetsInParallel = 1;
				LastSwiftUpdateCheck = 1500;
				LastUpgradeCheck = 1500;
				TargetAttributes = {
					28B63FCA2B465B7700FF0EDC = {
						CreatedOnToolsVersion = 15.0;
					};
				};
			};
			buildConfigurationList = 28B63FC62B465B7700FF0EDC /* Build configuration list for PBXProject "GitHubCloneiOS" */;
			compatibilityVersion = "Xcode 14.0";
			developmentRegion = en;
			hasScannedForEncodings = 0;
			knownRegions = (
				en,
				Base,
			);
			mainGroup = 28B63FC22B465B7700FF0EDC;
			packageReferences = (
				281D17252CB2DFAA00D77FC7 /* XCRemoteSwiftPackageReference "swift-markdown-ui" */,
			);
			productRefGroup = 28B63FCC2B465B7700FF0EDC /* Products */;
			projectDirPath = "";
			projectRoot = "";
			targets = (
				28B63FCA2B465B7700FF0EDC /* GitHubCloneiOS */,
			);
		};
/* End PBXProject section */

/* Begin PBXResourcesBuildPhase section */
		28B63FC92B465B7700FF0EDC /* Resources */ = {
			isa = PBXResourcesBuildPhase;
			buildActionMask = 2147483647;
			files = (
				28B63FE32B465C5100FF0EDC /* Assets.xcassets in Resources */,
				28B63FD62B465B7900FF0EDC /* Preview Assets.xcassets in Resources */,
			);
			runOnlyForDeploymentPostprocessing = 0;
		};
/* End PBXResourcesBuildPhase section */

/* Begin PBXSourcesBuildPhase section */
		28B63FC72B465B7700FF0EDC /* Sources */ = {
			isa = PBXSourcesBuildPhase;
			buildActionMask = 2147483647;
			files = (
				2800E5882C5FBAEB00CD4E43 /* CachedAvatarView.swift in Sources */,
				28D899442C9F2AB2000C5822 /* CommitsViewModel.swift in Sources */,
				28F343FF2B4DE3D000FDB44B /* SettingsView.swift in Sources */,
				28A988F72B47321200C0DA24 /* ExploreView.swift in Sources */,
				288161082CFB7621005EE8B8 /* FollowersView.swift in Sources */,
				283F6D052D3C3F2500681D11 /* StarredRepositoriesViewModel.swift in Sources */,
				28D899462C9F2B7C000C5822 /* Commit.swift in Sources */,
				28F8675B2C5FAF7D009F3CCC /* RepositoriesVeiwModel.swift in Sources */,
				2814A5812D3C18CC00C69BDC /* StarredRepositoriesView.swift in Sources */,
				2877CA652D60DB5C00C1DCF2 /* FilteredSearchView.swift in Sources */,
				2800E5842C5FB99F00CD4E43 /* ProfileItem.swift in Sources */,
				28E394EF2C709F3D005D79C3 /* DevData.swift in Sources */,
				28F1985E2B4668FC00FE2064 /* Item.swift in Sources */,
				288161012CFB6C76005EE8B8 /* ProfileNavigationValues.swift in Sources */,
				28B194722CF3A59800F43807 /* CodeContent.swift in Sources */,
				28F343F92B4939A700FDB44B /* RepositoryActionCardView.swift in Sources */,
				2800E59A2C694DE900CD4E43 /* RepositoryDetailsView.swift in Sources */,
				2800E58B2C5FBB1900CD4E43 /* CachedAvatarViewModel.swift in Sources */,
				28A988F32B4719DB00C0DA24 /* NotificationsView.swift in Sources */,
				280513192D6278C600F83BC9 /* Owner.swift in Sources */,
				2814A57E2D3BCAC300C69BDC /* IssuesView.swift in Sources */,
				288DDE812D0DE73B0034EB90 /* PressableModifier.swift in Sources */,
				288161052CFB72BA005EE8B8 /* NavigationDestination.swift in Sources */,
				28B63FCF2B465B7700FF0EDC /* GitHubCloneiOSApp.swift in Sources */,
				288161132D05D3D2005EE8B8 /* UserListView.swift in Sources */,
				286ABAEA2C9F26CC00DB8BEB /* CommitsView.swift in Sources */,
				28B194702CF3A44700F43807 /* CodeContentViewModel.swift in Sources */,
				280513122D6276D600F83BC9 /* IssuesViewModel.swift in Sources */,
				2800E57E2C5FB82F00CD4E43 /* MyWorkItem.swift in Sources */,
				280513172D62788300F83BC9 /* Common.swift in Sources */,
				2800E5902C5FCF6900CD4E43 /* CacheManager.swift in Sources */,
				2800E5932C60071300CD4E43 /* LoadingState.swift in Sources */,
				2800E5962C694C9700CD4E43 /* RepositoriesListView.swift in Sources */,
				28D899492C9F37DE000C5822 /* CommitsList.swift in Sources */,
				288DDE7E2D0DDE560034EB90 /* EditStatusViewModel.swift in Sources */,
				281D172B2CB2E2B600D77FC7 /* MarkDownViewModel.swift in Sources */,
				28D8994C2C9F4FED000C5822 /* Date+.swift in Sources */,
				285AE01D2B4E804F00FDCED9 /* APIService.swift in Sources */,
				2805131B2D6B7BB400F83BC9 /* CustomMenuPicker.swift in Sources */,
				28C0CB812C42D63C00B31B78 /* View+.swift in Sources */,
				28F867592C5FAE83009F3CCC /* RepositoriesView.swift in Sources */,
				2830621D2B5512CD00BC17E5 /* FavoritesViewModel.swift in Sources */,
				2830621F2B55147E00BC17E5 /* FavoritesView.swift in Sources */,
				283F6D072D3D85D100681D11 /* RepositoryCardView.swift in Sources */,
				288161152D05D4CB005EE8B8 /* UserListViewModel.swift in Sources */,
				28F343FB2B49498C00FDB44B /* TrendingRepositoriesView.swift in Sources */,
				2800E5812C5FB94500CD4E43 /* ExploreItem.swift in Sources */,
				2881610E2D05D1F6005EE8B8 /* FollowingView.swift in Sources */,
				2805131D2D6B7BF600F83BC9 /* PInnedHeader.swift in Sources */,
				28F1985B2B4668D500FE2064 /* HomeViewModel.swift in Sources */,
				282153DD2C711E7300388B89 /* EditMyWorksView.swift in Sources */,
				280513152D62774F00F83BC9 /* Issue.swift in Sources */,
				288DDE7B2D0DC8C00034EB90 /* ProfileNavigationSheetValues.swift in Sources */,
				28A988F52B4724A400C0DA24 /* ProfileView.swift in Sources */,
				2800E58E2C5FCB0800CD4E43 /* APIError.swift in Sources */,
				281D17212CB1CA7400D77FC7 /* ListRowItem.swift in Sources */,
				286F9B9F2D0DC1D30061B876 /* EditStatusView.swift in Sources */,
				28C834432B47D8D000255A7F /* ExploreViewModel.swift in Sources */,
				28C0CB852C42DCE000B31B78 /* HomeNavigationSheetValues.swift in Sources */,
				28C0CB832C42D70900B31B78 /* HomeNavigationValues.swift in Sources */,
				2800E59F2C69547C00CD4E43 /* NavigationManager.swift in Sources */,
				28C0CB872C42DE2900B31B78 /* EditMyWorksViewModel.swift in Sources */,
				281D17292CB2E01B00D77FC7 /* MarkDownView.swift in Sources */,
				281D17242CB2DD0400D77FC7 /* CodeContentView.swift in Sources */,
				28A988F92B473EEE00C0DA24 /* ProfileViewModel.swift in Sources */,
				28C834452B47FCA500255A7F /* Repository.swift in Sources */,
				28F198582B46688200FE2064 /* HomeView.swift in Sources */,
				28F343F62B488A7E00FDB44B /* User.swift in Sources */,
			);
			runOnlyForDeploymentPostprocessing = 0;
		};
/* End PBXSourcesBuildPhase section */

/* Begin XCBuildConfiguration section */
		28B63FD72B465B7900FF0EDC /* Debug */ = {
			isa = XCBuildConfiguration;
			buildSettings = {
				ALWAYS_SEARCH_USER_PATHS = NO;
				ASSETCATALOG_COMPILER_GENERATE_SWIFT_ASSET_SYMBOL_EXTENSIONS = YES;
				CLANG_ANALYZER_NONNULL = YES;
				CLANG_ANALYZER_NUMBER_OBJECT_CONVERSION = YES_AGGRESSIVE;
				CLANG_CXX_LANGUAGE_STANDARD = "gnu++20";
				CLANG_ENABLE_MODULES = YES;
				CLANG_ENABLE_OBJC_ARC = YES;
				CLANG_ENABLE_OBJC_WEAK = YES;
				CLANG_WARN_BLOCK_CAPTURE_AUTORELEASING = YES;
				CLANG_WARN_BOOL_CONVERSION = YES;
				CLANG_WARN_COMMA = YES;
				CLANG_WARN_CONSTANT_CONVERSION = YES;
				CLANG_WARN_DEPRECATED_OBJC_IMPLEMENTATIONS = YES;
				CLANG_WARN_DIRECT_OBJC_ISA_USAGE = YES_ERROR;
				CLANG_WARN_DOCUMENTATION_COMMENTS = YES;
				CLANG_WARN_EMPTY_BODY = YES;
				CLANG_WARN_ENUM_CONVERSION = YES;
				CLANG_WARN_INFINITE_RECURSION = YES;
				CLANG_WARN_INT_CONVERSION = YES;
				CLANG_WARN_NON_LITERAL_NULL_CONVERSION = YES;
				CLANG_WARN_OBJC_IMPLICIT_RETAIN_SELF = YES;
				CLANG_WARN_OBJC_LITERAL_CONVERSION = YES;
				CLANG_WARN_OBJC_ROOT_CLASS = YES_ERROR;
				CLANG_WARN_QUOTED_INCLUDE_IN_FRAMEWORK_HEADER = YES;
				CLANG_WARN_RANGE_LOOP_ANALYSIS = YES;
				CLANG_WARN_STRICT_PROTOTYPES = YES;
				CLANG_WARN_SUSPICIOUS_MOVE = YES;
				CLANG_WARN_UNGUARDED_AVAILABILITY = YES_AGGRESSIVE;
				CLANG_WARN_UNREACHABLE_CODE = YES;
				CLANG_WARN__DUPLICATE_METHOD_MATCH = YES;
				COPY_PHASE_STRIP = NO;
				DEBUG_INFORMATION_FORMAT = dwarf;
				ENABLE_STRICT_OBJC_MSGSEND = YES;
				ENABLE_TESTABILITY = YES;
				ENABLE_USER_SCRIPT_SANDBOXING = YES;
				GCC_C_LANGUAGE_STANDARD = gnu17;
				GCC_DYNAMIC_NO_PIC = NO;
				GCC_NO_COMMON_BLOCKS = YES;
				GCC_OPTIMIZATION_LEVEL = 0;
				GCC_PREPROCESSOR_DEFINITIONS = (
					"DEBUG=1",
					"$(inherited)",
				);
				GCC_WARN_64_TO_32_BIT_CONVERSION = YES;
				GCC_WARN_ABOUT_RETURN_TYPE = YES_ERROR;
				GCC_WARN_UNDECLARED_SELECTOR = YES;
				GCC_WARN_UNINITIALIZED_AUTOS = YES_AGGRESSIVE;
				GCC_WARN_UNUSED_FUNCTION = YES;
				GCC_WARN_UNUSED_VARIABLE = YES;
				IPHONEOS_DEPLOYMENT_TARGET = 17.0;
				LOCALIZATION_PREFERS_STRING_CATALOGS = YES;
				MTL_ENABLE_DEBUG_INFO = INCLUDE_SOURCE;
				MTL_FAST_MATH = YES;
				ONLY_ACTIVE_ARCH = YES;
				SDKROOT = iphoneos;
				SWIFT_ACTIVE_COMPILATION_CONDITIONS = "DEBUG $(inherited)";
				SWIFT_OPTIMIZATION_LEVEL = "-Onone";
			};
			name = Debug;
		};
		28B63FD82B465B7900FF0EDC /* Release */ = {
			isa = XCBuildConfiguration;
			buildSettings = {
				ALWAYS_SEARCH_USER_PATHS = NO;
				ASSETCATALOG_COMPILER_GENERATE_SWIFT_ASSET_SYMBOL_EXTENSIONS = YES;
				CLANG_ANALYZER_NONNULL = YES;
				CLANG_ANALYZER_NUMBER_OBJECT_CONVERSION = YES_AGGRESSIVE;
				CLANG_CXX_LANGUAGE_STANDARD = "gnu++20";
				CLANG_ENABLE_MODULES = YES;
				CLANG_ENABLE_OBJC_ARC = YES;
				CLANG_ENABLE_OBJC_WEAK = YES;
				CLANG_WARN_BLOCK_CAPTURE_AUTORELEASING = YES;
				CLANG_WARN_BOOL_CONVERSION = YES;
				CLANG_WARN_COMMA = YES;
				CLANG_WARN_CONSTANT_CONVERSION = YES;
				CLANG_WARN_DEPRECATED_OBJC_IMPLEMENTATIONS = YES;
				CLANG_WARN_DIRECT_OBJC_ISA_USAGE = YES_ERROR;
				CLANG_WARN_DOCUMENTATION_COMMENTS = YES;
				CLANG_WARN_EMPTY_BODY = YES;
				CLANG_WARN_ENUM_CONVERSION = YES;
				CLANG_WARN_INFINITE_RECURSION = YES;
				CLANG_WARN_INT_CONVERSION = YES;
				CLANG_WARN_NON_LITERAL_NULL_CONVERSION = YES;
				CLANG_WARN_OBJC_IMPLICIT_RETAIN_SELF = YES;
				CLANG_WARN_OBJC_LITERAL_CONVERSION = YES;
				CLANG_WARN_OBJC_ROOT_CLASS = YES_ERROR;
				CLANG_WARN_QUOTED_INCLUDE_IN_FRAMEWORK_HEADER = YES;
				CLANG_WARN_RANGE_LOOP_ANALYSIS = YES;
				CLANG_WARN_STRICT_PROTOTYPES = YES;
				CLANG_WARN_SUSPICIOUS_MOVE = YES;
				CLANG_WARN_UNGUARDED_AVAILABILITY = YES_AGGRESSIVE;
				CLANG_WARN_UNREACHABLE_CODE = YES;
				CLANG_WARN__DUPLICATE_METHOD_MATCH = YES;
				COPY_PHASE_STRIP = NO;
				DEBUG_INFORMATION_FORMAT = "dwarf-with-dsym";
				ENABLE_NS_ASSERTIONS = NO;
				ENABLE_STRICT_OBJC_MSGSEND = YES;
				ENABLE_USER_SCRIPT_SANDBOXING = YES;
				GCC_C_LANGUAGE_STANDARD = gnu17;
				GCC_NO_COMMON_BLOCKS = YES;
				GCC_WARN_64_TO_32_BIT_CONVERSION = YES;
				GCC_WARN_ABOUT_RETURN_TYPE = YES_ERROR;
				GCC_WARN_UNDECLARED_SELECTOR = YES;
				GCC_WARN_UNINITIALIZED_AUTOS = YES_AGGRESSIVE;
				GCC_WARN_UNUSED_FUNCTION = YES;
				GCC_WARN_UNUSED_VARIABLE = YES;
				IPHONEOS_DEPLOYMENT_TARGET = 17.0;
				LOCALIZATION_PREFERS_STRING_CATALOGS = YES;
				MTL_ENABLE_DEBUG_INFO = NO;
				MTL_FAST_MATH = YES;
				SDKROOT = iphoneos;
				SWIFT_COMPILATION_MODE = wholemodule;
				VALIDATE_PRODUCT = YES;
			};
			name = Release;
		};
		28B63FDA2B465B7900FF0EDC /* Debug */ = {
			isa = XCBuildConfiguration;
			buildSettings = {
				ASSETCATALOG_COMPILER_APPICON_NAME = AppIcon;
				ASSETCATALOG_COMPILER_GLOBAL_ACCENT_COLOR_NAME = AccentColor;
				CODE_SIGN_STYLE = Automatic;
				CURRENT_PROJECT_VERSION = 1;
				DEVELOPMENT_ASSET_PATHS = "\"GitHubCloneiOS/Preview Content\"";
				DEVELOPMENT_TEAM = LWSWYUB6A2;
				ENABLE_PREVIEWS = YES;
				GENERATE_INFOPLIST_FILE = YES;
				INFOPLIST_KEY_UIApplicationSceneManifest_Generation = YES;
				INFOPLIST_KEY_UIApplicationSupportsIndirectInputEvents = YES;
				INFOPLIST_KEY_UILaunchScreen_Generation = YES;
				INFOPLIST_KEY_UISupportedInterfaceOrientations_iPad = "UIInterfaceOrientationPortrait UIInterfaceOrientationPortraitUpsideDown UIInterfaceOrientationLandscapeLeft UIInterfaceOrientationLandscapeRight";
				INFOPLIST_KEY_UISupportedInterfaceOrientations_iPhone = "UIInterfaceOrientationPortrait UIInterfaceOrientationLandscapeLeft UIInterfaceOrientationLandscapeRight";
				LD_RUNPATH_SEARCH_PATHS = (
					"$(inherited)",
					"@executable_path/Frameworks",
				);
				MARKETING_VERSION = 1.0;
				PRODUCT_BUNDLE_IDENTIFIER = com.example.GitHubCloneiOS;
				PRODUCT_NAME = "$(TARGET_NAME)";
				SWIFT_EMIT_LOC_STRINGS = YES;
				SWIFT_VERSION = 5.0;
				TARGETED_DEVICE_FAMILY = "1,2";
			};
			name = Debug;
		};
		28B63FDB2B465B7900FF0EDC /* Release */ = {
			isa = XCBuildConfiguration;
			buildSettings = {
				ASSETCATALOG_COMPILER_APPICON_NAME = AppIcon;
				ASSETCATALOG_COMPILER_GLOBAL_ACCENT_COLOR_NAME = AccentColor;
				CODE_SIGN_STYLE = Automatic;
				CURRENT_PROJECT_VERSION = 1;
				DEVELOPMENT_ASSET_PATHS = "\"GitHubCloneiOS/Preview Content\"";
				DEVELOPMENT_TEAM = LWSWYUB6A2;
				ENABLE_PREVIEWS = YES;
				GENERATE_INFOPLIST_FILE = YES;
				INFOPLIST_KEY_UIApplicationSceneManifest_Generation = YES;
				INFOPLIST_KEY_UIApplicationSupportsIndirectInputEvents = YES;
				INFOPLIST_KEY_UILaunchScreen_Generation = YES;
				INFOPLIST_KEY_UISupportedInterfaceOrientations_iPad = "UIInterfaceOrientationPortrait UIInterfaceOrientationPortraitUpsideDown UIInterfaceOrientationLandscapeLeft UIInterfaceOrientationLandscapeRight";
				INFOPLIST_KEY_UISupportedInterfaceOrientations_iPhone = "UIInterfaceOrientationPortrait UIInterfaceOrientationLandscapeLeft UIInterfaceOrientationLandscapeRight";
				LD_RUNPATH_SEARCH_PATHS = (
					"$(inherited)",
					"@executable_path/Frameworks",
				);
				MARKETING_VERSION = 1.0;
				PRODUCT_BUNDLE_IDENTIFIER = com.example.GitHubCloneiOS;
				PRODUCT_NAME = "$(TARGET_NAME)";
				SWIFT_EMIT_LOC_STRINGS = YES;
				SWIFT_VERSION = 5.0;
				TARGETED_DEVICE_FAMILY = "1,2";
			};
			name = Release;
		};
/* End XCBuildConfiguration section */

/* Begin XCConfigurationList section */
		28B63FC62B465B7700FF0EDC /* Build configuration list for PBXProject "GitHubCloneiOS" */ = {
			isa = XCConfigurationList;
			buildConfigurations = (
				28B63FD72B465B7900FF0EDC /* Debug */,
				28B63FD82B465B7900FF0EDC /* Release */,
			);
			defaultConfigurationIsVisible = 0;
			defaultConfigurationName = Release;
		};
		28B63FD92B465B7900FF0EDC /* Build configuration list for PBXNativeTarget "GitHubCloneiOS" */ = {
			isa = XCConfigurationList;
			buildConfigurations = (
				28B63FDA2B465B7900FF0EDC /* Debug */,
				28B63FDB2B465B7900FF0EDC /* Release */,
			);
			defaultConfigurationIsVisible = 0;
			defaultConfigurationName = Release;
		};
/* End XCConfigurationList section */

/* Begin XCRemoteSwiftPackageReference section */
		281D17252CB2DFAA00D77FC7 /* XCRemoteSwiftPackageReference "swift-markdown-ui" */ = {
			isa = XCRemoteSwiftPackageReference;
			repositoryURL = "https://github.com/gonzalezreal/swift-markdown-ui.git";
			requirement = {
				kind = upToNextMajorVersion;
				minimumVersion = 2.4.0;
			};
		};
/* End XCRemoteSwiftPackageReference section */

/* Begin XCSwiftPackageProductDependency section */
		2814A5822D3C1E6600C69BDC /* MarkdownUI */ = {
			isa = XCSwiftPackageProductDependency;
			package = 281D17252CB2DFAA00D77FC7 /* XCRemoteSwiftPackageReference "swift-markdown-ui" */;
			productName = MarkdownUI;
		};
		281D17262CB2DFAA00D77FC7 /* MarkdownUI */ = {
			isa = XCSwiftPackageProductDependency;
			package = 281D17252CB2DFAA00D77FC7 /* XCRemoteSwiftPackageReference "swift-markdown-ui" */;
			productName = MarkdownUI;
		};
/* End XCSwiftPackageProductDependency section */
	};
	rootObject = 28B63FC32B465B7700FF0EDC /* Project object */;
}
